
Microsoft Visual Studio Solution File, Format Version 12.00
# Visual Studio Version 16
VisualStudioVersion = 16.0.30204.135
MinimumVisualStudioVersion = 10.0.40219.1
Project("{FAE04EC0-301F-11D3-BF4B-00C04F79EFBC}") = "numberguessgame", "numberguessgame\numberguessgame.csproj", "{FBFABA47-B9A7-48E1-A86C-8F4A4EAE9B92}"
EndProject
Global
	GlobalSection(SolutionConfigurationPlatforms) = preSolution
		Debug|Any CPU = Debug|Any CPU
		Release|Any CPU = Release|Any CPU
	EndGlobalSection
	GlobalSection(ProjectConfigurationPlatforms) = postSolution
		{FBFABA47-B9A7-48E1-A86C-8F4A4EAE9B92}.Debug|Any CPU.ActiveCfg = Debug|Any CPU
		{FBFABA47-B9A7-48E1-A86C-8F4A4EAE9B92}.Debug|Any CPU.Build.0 = Debug|Any CPU
		{FBFABA47-B9A7-48E1-A86C-8F4A4EAE9B92}.Release|Any CPU.ActiveCfg = Release|Any CPU
		{FBFABA47-B9A7-48E1-A86C-8F4A4EAE9B92}.Release|Any CPU.Build.0 = Release|Any CPU
	EndGlobalSection
	GlobalSection(SolutionProperties) = preSolution
		HideSolutionNode = FALSE
	EndGlobalSection
	GlobalSection(ExtensibilityGlobals) = postSolution
		SolutionGuid = {0D6E20DA-95D0-4531-9EB0-B909B6744A16}
	EndGlobalSection
EndGlobal
